// !$*UTF8*$!
{
	archiveVersion = 1;
	classes = {
	};
	objectVersion = 46;
	objects = {

/* Begin PBXBuildFile section */
		FDEFF4131D3438AB0058467F /* AppDelegate.swift in Sources */ = {isa = PBXBuildFile; fileRef = FDEFF4121D3438AB0058467F /* AppDelegate.swift */; };
		FDEFF4151D3438AB0058467F /* ViewController.swift in Sources */ = {isa = PBXBuildFile; fileRef = FDEFF4141D3438AB0058467F /* ViewController.swift */; };
		FDEFF4181D3438AB0058467F /* Main.storyboard in Resources */ = {isa = PBXBuildFile; fileRef = FDEFF4161D3438AB0058467F /* Main.storyboard */; };
		FDEFF41A1D3438AB0058467F /* Assets.xcassets in Resources */ = {isa = PBXBuildFile; fileRef = FDEFF4191D3438AB0058467F /* Assets.xcassets */; };
		FDEFF41D1D3438AB0058467F /* LaunchScreen.storyboard in Resources */ = {isa = PBXBuildFile; fileRef = FDEFF41B1D3438AB0058467F /* LaunchScreen.storyboard */; };
/* End PBXBuildFile section */

/* Begin PBXFileReference section */
		FDEFF40F1D3438AB0058467F /* CurrentLocationPractice.app */ = {isa = PBXFileReference; explicitFileType = wrapper.application; includeInIndex = 0; path = CurrentLocationPractice.app; sourceTree = BUILT_PRODUCTS_DIR; };
		FDEFF4121D3438AB0058467F /* AppDelegate.swift */ = {isa = PBXFileReference; lastKnownFileType = sourcecode.swift; path = AppDelegate.swift; sourceTree = "<group>"; };
		FDEFF4141D3438AB0058467F /* ViewController.swift */ = {isa = PBXFileReference; lastKnownFileType = sourcecode.swift; path = ViewController.swift; sourceTree = "<group>"; };
		FDEFF4171D3438AB0058467F /* Base */ = {isa = PBXFileReference; lastKnownFileType = file.storyboard; name = Base; path = Base.lproj/Main.storyboard; sourceTree = "<group>"; };
		FDEFF4191D3438AB0058467F /* Assets.xcassets */ = {isa = PBXFileReference; lastKnownFileType = folder.assetcatalog; path = Assets.xcassets; sourceTree = "<group>"; };
		FDEFF41C1D3438AB0058467F /* Base */ = {isa = PBXFileReference; lastKnownFileType = file.storyboard; name = Base; path = Base.lproj/LaunchScreen.storyboard; sourceTree = "<group>"; };
		FDEFF41E1D3438AB0058467F /* Info.plist */ = {isa = PBXFileReference; lastKnownFileType = text.plist.xml; path = Info.plist; sourceTree = "<group>"; };
/* End PBXFileReference section */

/* Begin PBXFrameworksBuildPhase section */
		FDEFF40C1D3438AB0058467F /* Frameworks */ = {
			isa = PBXFrameworksBuildPhase;
			buildActionMask = 2147483647;
			files = (
			);
			runOnlyForDeploymentPostprocessing = 0;
		};
/* End PBXFrameworksBuildPhase section */

/* Begin PBXGroup section */
		FDEFF4061D3438AB0058467F = {
			isa = PBXGroup;
			children = (
				FDEFF4111D3438AB0058467F /* CurrentLocationPractice */,
				FDEFF4101D3438AB0058467F /* Products */,
			);
			sourceTree = "<group>";
		};
		FDEFF4101D3438AB0058467F /* Products */ = {
			isa = PBXGroup;
			children = (
				FDEFF40F1D3438AB0058467F /* CurrentLocationPractice.app */,
			);
			name = Products;
			sourceTree = "<group>";
		};
		FDEFF4111D3438AB0058467F /* CurrentLocationPractice */ = {
			isa = PBXGroup;
			children = (
				FDEFF4121D3438AB0058467F /* AppDelegate.swift */,
				FDEFF4141D3438AB0058467F /* ViewController.swift */,
				FDEFF4161D3438AB0058467F /* Main.storyboard */,
				FDEFF4191D3438AB0058467F /* Assets.xcassets */,
				FDEFF41B1D3438AB0058467F /* LaunchScreen.storyboard */,
				FDEFF41E1D3438AB0058467F /* Info.plist */,
			);
			path = CurrentLocationPractice;
			sourceTree = "<group>";
		};
/* End PBXGroup section */

/* Begin PBXNativeTarget section */
		FDEFF40E1D3438AB0058467F /* CurrentLocationPractice */ = {
			isa = PBXNativeTarget;
			buildConfigurationList = FDEFF4211D3438AB0058467F /* Build configuration list for PBXNativeTarget "CurrentLocationPractice" */;
			buildPhases = (
				FDEFF40B1D3438AB0058467F /* Sources */,
				FDEFF40C1D3438AB0058467F /* Frameworks */,
				FDEFF40D1D3438AB0058467F /* Resources */,
			);
			buildRules = (
			);
			dependencies = (
			);
			name = CurrentLocationPractice;
			productName = CurrentLocationPractice;
			productReference = FDEFF40F1D3438AB0058467F /* CurrentLocationPractice.app */;
			productType = "com.apple.product-type.application";
		};
/* End PBXNativeTarget section */

/* Begin PBXProject section */
		FDEFF4071D3438AB0058467F /* Project object */ = {
			isa = PBXProject;
			attributes = {
				LastSwiftUpdateCheck = 0730;
				LastUpgradeCheck = 0730;
				ORGANIZATIONNAME = "Taylor Frost";
				TargetAttributes = {
					FDEFF40E1D3438AB0058467F = {
						CreatedOnToolsVersion = 7.3.1;
					};
				};
			};
			buildConfigurationList = FDEFF40A1D3438AB0058467F /* Build configuration list for PBXProject "CurrentLocationPractice" */;
			compatibilityVersion = "Xcode 3.2";
			developmentRegion = English;
			hasScannedForEncodings = 0;
			knownRegions = (
				en,
				Base,
			);
			mainGroup = FDEFF4061D3438AB0058467F;
			productRefGroup = FDEFF4101D3438AB0058467F /* Products */;
			projectDirPath = "";
			projectRoot = "";
			targets = (
				FDEFF40E1D3438AB0058467F /* CurrentLocationPractice */,
			);
		};
/* End PBXProject section */

/* Begin PBXResourcesBuildPhase section */
		FDEFF40D1D3438AB0058467F /* Resources */ = {
			isa = PBXResourcesBuildPhase;
			buildActionMask = 2147483647;
			files = (
				FDEFF41D1D3438AB0058467F /* LaunchScreen.storyboard in Resources */,
				FDEFF41A1D3438AB0058467F /* Assets.xcassets in Resources */,
				FDEFF4181D3438AB0058467F /* Main.storyboard in Resources */,
			);
			runOnlyForDeploymentPostprocessing = 0;
		};
/* End PBXResourcesBuildPhase section */

/* Begin PBXSourcesBuildPhase section */
		FDEFF40B1D3438AB0058467F /* Sources */ = {
			isa = PBXSourcesBuildPhase;
			buildActionMask = 2147483647;
			files = (
				FDEFF4151D3438AB0058467F /* ViewController.swift in Sources */,
				FDEFF4131D3438AB0058467F /* AppDelegate.swift in Sources */,
			);
			runOnlyForDeploymentPostprocessing = 0;
		};
/* End PBXSourcesBuildPhase section */

/* Begin PBXVariantGroup section */
		FDEFF4161D3438AB0058467F /* Main.storyboard */ = {
			isa = PBXVariantGroup;
			children = (
				FDEFF4171D3438AB0058467F /* Base */,
			);
			name = Main.storyboard;
			sourceTree = "<group>";
		};
		FDEFF41B1D3438AB0058467F /* LaunchScreen.storyboard */ = {
			isa = PBXVariantGroup;
			children = (
				FDEFF41C1D3438AB0058467F /* Base */,
			);
			name = LaunchScreen.storyboard;
			sourceTree = "<group>";
		};
/* End PBXVariantGroup section */

/* Begin XCBuildConfiguration section */
		FDEFF41F1D3438AB0058467F /* Debug */ = {
			isa = XCBuildConfiguration;
			buildSettings = {
				ALWAYS_SEARCH_USER_PATHS = NO;
				CLANG_ANALYZER_NONNULL = YES;
				CLANG_CXX_LANGUAGE_STANDARD = "gnu++0x";
				CLANG_CXX_LIBRARY = "libc++";
				CLANG_ENABLE_MODULES = YES;
				CLANG_ENABLE_OBJC_ARC = YES;
				CLANG_WARN_BOOL_CONVERSION = YES;
				CLANG_WARN_CONSTANT_CONVERSION = YES;
				CLANG_WARN_DIRECT_OBJC_ISA_USAGE = YES_ERROR;
				CLANG_WARN_EMPTY_BODY = YES;
				CLANG_WARN_ENUM_CONVERSION = YES;
				CLANG_WARN_INT_CONVERSION = YES;
				CLANG_WARN_OBJC_ROOT_CLASS = YES_ERROR;
				CLANG_WARN_UNREACHABLE_CODE = YES;
				CLANG_WARN__DUPLICATE_METHOD_MATCH = YES;
				"CODE_SIGN_IDENTITY[sdk=iphoneos*]" = "iPhone Developer";
				COPY_PHASE_STRIP = NO;
				DEBUG_INFORMATION_FORMAT = dwarf;
				ENABLE_STRICT_OBJC_MSGSEND = YES;
				ENABLE_TESTABILITY = YES;
				GCC_C_LANGUAGE_STANDARD = gnu99;
				GCC_DYNAMIC_NO_PIC = NO;
				GCC_NO_COMMON_BLOCKS = YES;
				GCC_OPTIMIZATION_LEVEL = 0;
				GCC_PREPROCESSOR_DEFINITIONS = (
					"DEBUG=1",
					"$(inherited)",
				);
				GCC_WARN_64_TO_32_BIT_CONVERSION = YES;
				GCC_WARN_ABOUT_RETURN_TYPE = YES_ERROR;
				GCC_WARN_UNDECLARED_SELECTOR = YES;
				GCC_WARN_UNINITIALIZED_AUTOS = YES_AGGRESSIVE;
				GCC_WARN_UNUSED_FUNCTION = YES;
				GCC_WARN_UNUSED_VARIABLE = YES;
				IPHONEOS_DEPLOYMENT_TARGET = 9.3;
				MTL_ENABLE_DEBUG_INFO = YES;
				ONLY_ACTIVE_ARCH = YES;
				SDKROOT = iphoneos;
				SWIFT_OPTIMIZATION_LEVEL = "-Onone";
			};
			name = Debug;
		};
		FDEFF4201D3438AB0058467F /* Release */ = {
			isa = XCBuildConfiguration;
			buildSettings = {
				ALWAYS_SEARCH_USER_PATHS = NO;
				CLANG_ANALYZER_NONNULL = YES;
				CLANG_CXX_LANGUAGE_STANDARD = "gnu++0x";
				CLANG_CXX_LIBRARY = "libc++";
				CLANG_ENABLE_MODULES = YES;
				CLANG_ENABLE_OBJC_ARC = YES;
				CLANG_WARN_BOOL_CONVERSION = YES;
				CLANG_WARN_CONSTANT_CONVERSION = YES;
				CLANG_WARN_DIRECT_OBJC_ISA_USAGE = YES_ERROR;
				CLANG_WARN_EMPTY_BODY = YES;
				CLANG_WARN_ENUM_CONVERSION = YES;
				CLANG_WARN_INT_CONVERSION = YES;
				CLANG_WARN_OBJC_ROOT_CLASS = YES_ERROR;
				CLANG_WARN_UNREACHABLE_CODE = YES;
				CLANG_WARN__DUPLICATE_METHOD_MATCH = YES;
				"CODE_SIGN_IDENTITY[sdk=iphoneos*]" = "iPhone Developer";
				COPY_PHASE_STRIP = NO;
				DEBUG_INFORMATION_FORMAT = "dwarf-with-dsym";
				ENABLE_NS_ASSERTIONS = NO;
				ENABLE_STRICT_OBJC_MSGSEND = YES;
				GCC_C_LANGUAGE_STANDARD = gnu99;
				GCC_NO_COMMON_BLOCKS = YES;
				GCC_WARN_64_TO_32_BIT_CONVERSION = YES;
				GCC_WARN_ABOUT_RETURN_TYPE = YES_ERROR;
				GCC_WARN_UNDECLARED_SELECTOR = YES;
				GCC_WARN_UNINITIALIZED_AUTOS = YES_AGGRESSIVE;
				GCC_WARN_UNUSED_FUNCTION = YES;
				GCC_WARN_UNUSED_VARIABLE = YES;
				IPHONEOS_DEPLOYMENT_TARGET = 9.3;
				MTL_ENABLE_DEBUG_INFO = NO;
				SDKROOT = iphoneos;
				VALIDATE_PRODUCT = YES;
			};
			name = Release;
		};
		FDEFF4221D3438AB0058467F /* Debug */ = {
			isa = XCBuildConfiguration;
			buildSettings = {
				ASSETCATALOG_COMPILER_APPICON_NAME = AppIcon;
				INFOPLIST_FILE = CurrentLocationPractice/Info.plist;
				LD_RUNPATH_SEARCH_PATHS = "$(inherited) @executable_path/Frameworks";
				PRODUCT_BUNDLE_IDENTIFIER = FrostEnterprises.CurrentLocationPractice;
				PRODUCT_NAME = "$(TARGET_NAME)";
			};
			name = Debug;
		};
		FDEFF4231D3438AB0058467F /* Release */ = {
			isa = XCBuildConfiguration;
			buildSettings = {
				ASSETCATALOG_COMPILER_APPICON_NAME = AppIcon;
				INFOPLIST_FILE = CurrentLocationPractice/Info.plist;
				LD_RUNPATH_SEARCH_PATHS = "$(inherited) @executable_path/Frameworks";
				PRODUCT_BUNDLE_IDENTIFIER = FrostEnterprises.CurrentLocationPractice;
				PRODUCT_NAME = "$(TARGET_NAME)";
			};
			name = Release;
		};
/* End XCBuildConfiguration section */

/* Begin XCConfigurationList section */
		FDEFF40A1D3438AB0058467F /* Build configuration list for PBXProject "CurrentLocationPractice" */ = {
			isa = XCConfigurationList;
			buildConfigurations = (
				FDEFF41F1D3438AB0058467F /* Debug */,
				FDEFF4201D3438AB0058467F /* Release */,
			);
			defaultConfigurationIsVisible = 0;
			defaultConfigurationName = Release;
		};
		FDEFF4211D3438AB0058467F /* Build configuration list for PBXNativeTarget "CurrentLocationPractice" */ = {
			isa = XCConfigurationList;
			buildConfigurations = (
				FDEFF4221D3438AB0058467F /* Debug */,
				FDEFF4231D3438AB0058467F /* Release */,
			);
			defaultConfigurationIsVisible = 0;
		};
/* End XCConfigurationList section */
	};
	rootObject = FDEFF4071D3438AB0058467F /* Project object */;
}
